
Microsoft Visual Studio Solution File, Format Version 12.00
# Visual Studio Version 16
VisualStudioVersion = 16.0.31205.134
MinimumVisualStudioVersion = 10.0.40219.1
Project("{FAE04EC0-301F-11D3-BF4B-00C04F79EFBC}") = "TravelAgencyGUI", "TravelAgencyGUI\TravelAgencyGUI.csproj", "{AAD33E05-880D-4466-A521-06CF50C65ADD}"
EndProject
Project("{FAE04EC0-301F-11D3-BF4B-00C04F79EFBC}") = "TravelAgencyData", "TravelAgencyData\TravelAgencyData.csproj", "{22ACC84E-9964-455E-80C5-69039604E546}"
EndProject
Global
	GlobalSection(SolutionConfigurationPlatforms) = preSolution
		Debug|Any CPU = Debug|Any CPU
		Release|Any CPU = Release|Any CPU
	EndGlobalSection
	GlobalSection(ProjectConfigurationPlatforms) = postSolution
		{AAD33E05-880D-4466-A521-06CF50C65ADD}.Debug|Any CPU.ActiveCfg = Debug|Any CPU
		{AAD33E05-880D-4466-A521-06CF50C65ADD}.Debug|Any CPU.Build.0 = Debug|Any CPU
		{AAD33E05-880D-4466-A521-06CF50C65ADD}.Release|Any CPU.ActiveCfg = Release|Any CPU
		{AAD33E05-880D-4466-A521-06CF50C65ADD}.Release|Any CPU.Build.0 = Release|Any CPU
		{22ACC84E-9964-455E-80C5-69039604E546}.Debug|Any CPU.ActiveCfg = Debug|Any CPU
		{22ACC84E-9964-455E-80C5-69039604E546}.Debug|Any CPU.Build.0 = Debug|Any CPU
		{22ACC84E-9964-455E-80C5-69039604E546}.Release|Any CPU.ActiveCfg = Release|Any CPU
		{22ACC84E-9964-455E-80C5-69039604E546}.Release|Any CPU.Build.0 = Release|Any CPU
	EndGlobalSection
	GlobalSection(SolutionProperties) = preSolution
		HideSolutionNode = FALSE
	EndGlobalSection
	GlobalSection(ExtensibilityGlobals) = postSolution
		SolutionGuid = {CB63C0CE-DEB6-4C9B-AE5F-2F233F2A5674}
	EndGlobalSection
EndGlobal
